# This file is automatically @generated by Cargo.
# It is not intended for manual editing.
version = 4

[[package]]
name = "arm-generic-timer"
version = "0.3.0"
dependencies = [
 "arm-sysregs",
 "bitflags",
 "embedded-hal",
 "embedded-hal-timer",
 "safe-mmio",
 "zerocopy",
]

[[package]]
name = "arm-sysregs"
version = "0.5.1"
source = "registry+https://github.com/rust-lang/crates.io-index"
checksum = "eea2d77c3eac6be0a300ba179e7bf051ffaec797c39dee0b631c21668b12e1f3"
dependencies = [
 "arm-sysregs-aarch32",
 "arm-sysregs-common",
 "arm-sysregs-el0",
 "arm-sysregs-el1",
 "arm-sysregs-el2",
 "arm-sysregs-el3",
]

[[package]]
name = "arm-sysregs-aarch32"
version = "0.5.1"
source = "registry+https://github.com/rust-lang/crates.io-index"
checksum = "aeac85b36432f9427827c31c2da2b42fe4928e35b3dbedbe9c9ded5e4d013789"
dependencies = [
 "arm-sysregs-common",
 "bitflags",
]

[[package]]
name = "arm-sysregs-common"
version = "0.5.1"
source = "registry+https://github.com/rust-lang/crates.io-index"
checksum = "11447113c834b1cb206262297477a467c090a3768765bef861858b6098dcac39"
dependencies = [
 "num_enum",
 "pastey",
]

[[package]]
name = "arm-sysregs-el0"
version = "0.5.1"
source = "registry+https://github.com/rust-lang/crates.io-index"
checksum = "a680f4741d246b3f72f977da72f7df76cb9c3227e565acad801ca3c504947d92"
dependencies = [
 "arm-sysregs-aarch32",
 "arm-sysregs-common",
 "bitflags",
]

[[package]]
name = "arm-sysregs-el1"
version = "0.5.1"
source = "registry+https://github.com/rust-lang/crates.io-index"
checksum = "5dcc832aff5e63bad65c4cdcb17a7a5c07a711a4ce365d7a69785efb3a64fc47"
dependencies = [
 "arm-sysregs-common",
 "arm-sysregs-el0",
 "bitflags",
]

[[package]]
name = "arm-sysregs-el2"
version = "0.5.1"
source = "registry+https://github.com/rust-lang/crates.io-index"
checksum = "4749bc9818f7ebef235bab12e818fdd4081dfffe44491c941b6f6530ee960686"
dependencies = [
 "arm-sysregs-common",
 "arm-sysregs-el1",
 "bitflags",
]

[[package]]
name = "arm-sysregs-el3"
version = "0.5.1"
source = "registry+https://github.com/rust-lang/crates.io-index"
checksum = "bfe3618c06ca7603e98f80f466e2136e2f9e230b14d1c5b06a756342a7e6bb5a"
dependencies = [
 "arm-sysregs-common",
 "arm-sysregs-el2",
 "bitflags",
]

[[package]]
name = "bitflags"
version = "2.13.1"
source = "registry+https://github.com/rust-lang/crates.io-index"
checksum = "b588b76d00fde79687d7646a9b5bdf3cc0f655e0bbd080335a95d7e96f3587da"

[[package]]
name = "embedded-hal"
version = "1.0.0"
source = "registry+https://github.com/rust-lang/crates.io-index"
checksum = "361a90feb7004eca4019fb28352a9465666b24f840f5c3cddf0ff13920590b89"

[[package]]
name = "embedded-hal-timer"
version = "0.2.0"
source = "registry+https://github.com/rust-lang/crates.io-index"
checksum = "b10185c0db21e306e154126b7b38fcb8de3d966c9c10de42afb2b9e8282662ba"

[[package]]
name = "num_enum"
version = "0.7.6"
source = "registry+https://github.com/rust-lang/crates.io-index"
checksum = "5d0bca838442ec211fa11de3a8b0e0e8f3a4522575b5c4c06ed722e005036f26"
dependencies = [
 "num_enum_derive",
 "rustversion",
]

[[package]]
name = "num_enum_derive"
version = "0.7.6"
source = "registry+https://github.com/rust-lang/crates.io-index"
checksum = "680998035259dcfcafe653688bf2aa6d3e2dc05e98be6ab46afb089dc84f1df8"
dependencies = [
 "proc-macro2",
 "quote",
 "syn",
]

[[package]]
name = "pastey"
version = "0.2.3"
source = "registry+https://github.com/rust-lang/crates.io-index"
checksum = "2ee67f1008b1ba2321834326597b8e186293b049a023cdef258527550b9935b4"

[[package]]
name = "proc-macro2"
version = "1.0.97"
source = "registry+https://github.com/rust-lang/crates.io-index"
checksum = "d61789d7719defeb74ea5fe81f2fdfdbd28a803847077cecce2ff14e1472f6f1"
dependencies = [
 "unicode-ident",
]

[[package]]
name = "quote"
version = "1.0.40"
source = "registry+https://github.com/rust-lang/crates.io-index"
checksum = "1885c039570dc00dcb4ff087a89e185fd56bae234ddc7f056a945bf36467248d"
dependencies = [
 "proc-macro2",
]

[[package]]
name = "rustversion"
version = "1.0.22"
source = "registry+https://github.com/rust-lang/crates.io-index"
checksum = "b39cdef0fa800fc44525c84ccb54a029961a8215f9619753635a9c0d2538d46d"

[[package]]
name = "safe-mmio"
version = "0.3.1"
source = "registry+https://github.com/rust-lang/crates.io-index"
checksum = "ce5e4ed477d6ebc07e01ce97b87fe319e6b62d0ab2564594db6a8c4cdc29ffd9"
dependencies = [
 "zerocopy",
]

[[package]]
name = "syn"
version = "2.0.105"
source = "registry+https://github.com/rust-lang/crates.io-index"
checksum = "7bc3fcb250e53458e712715cf74285c1f889686520d79294a9ef3bd7aa1fc619"
dependencies = [
 "proc-macro2",
 "quote",
 "unicode-ident",
]

[[package]]
name = "unicode-ident"
version = "1.0.18"
source = "registry+https://github.com/rust-lang/crates.io-index"
checksum = "5a5f39404a5da50712a4c1eecf25e90dd62b613502b7e925fd4e4d19b5c96512"

[[package]]
name = "zerocopy"
version = "0.8.56"
source = "registry+https://github.com/rust-lang/crates.io-index"
checksum = "556764e583adb45a9f8d413c2a147fa7e8d821e48e12b14fd560b607998b75eb"
dependencies = [
 "zerocopy-derive",
]

[[package]]
name = "zerocopy-derive"
version = "0.8.56"
source = "registry+https://github.com/rust-lang/crates.io-index"
checksum = "f2ab42fc20575779bd240faa45f94a74256f755c0fa9e89f0ede20d91d0cdfc1"
dependencies = [
 "proc-macro2",
 "quote",
 "syn",
]
